
Microsoft Visual Studio Solution File, Format Version 12.00
# Visual Studio Version 16
VisualStudioVersion = 16.0.29215.179
MinimumVisualStudioVersion = 10.0.40219.1
Project("{FAE04EC0-301F-11D3-BF4B-00C04F79EFBC}") = "FirstPracticeTask", "FirstPracticeTask\FirstPracticeTask.csproj", "{A0FD6617-0BBD-412D-9DF8-6FA9B047211D}"
EndProject
Global
	GlobalSection(SolutionConfigurationPlatforms) = preSolution
		Debug|Any CPU = Debug|Any CPU
		Release|Any CPU = Release|Any CPU
	EndGlobalSection
	GlobalSection(ProjectConfigurationPlatforms) = postSolution
		{A0FD6617-0BBD-412D-9DF8-6FA9B047211D}.Debug|Any CPU.ActiveCfg = Debug|Any CPU
		{A0FD6617-0BBD-412D-9DF8-6FA9B047211D}.Debug|Any CPU.Build.0 = Debug|Any CPU
		{A0FD6617-0BBD-412D-9DF8-6FA9B047211D}.Release|Any CPU.ActiveCfg = Release|Any CPU
		{A0FD6617-0BBD-412D-9DF8-6FA9B047211D}.Release|Any CPU.Build.0 = Release|Any CPU
	EndGlobalSection
	GlobalSection(SolutionProperties) = preSolution
		HideSolutionNode = FALSE
	EndGlobalSection
	GlobalSection(ExtensibilityGlobals) = postSolution
		SolutionGuid = {8877D240-D5EF-4DAB-AE00-1E0F0E0771F9}
	EndGlobalSection
EndGlobal
